
Microsoft Visual Studio Solution File, Format Version 12.00
# Visual Studio 2013
VisualStudioVersion = 12.0.31101.0
MinimumVisualStudioVersion = 10.0.40219.1
Project("{FAE04EC0-301F-11D3-BF4B-00C04F79EFBC}") = "SignWriterStudio.Db.TagsTest", "SignWriterStudio.Db.TagsTest.csproj", "{33777D9D-D7EF-41C6-8DFE-0CF35DDB1C0E}"
EndProject
Project("{FAE04EC0-301F-11D3-BF4B-00C04F79EFBC}") = "SWSEF", "..\..\SWSEF\SWSEF.csproj", "{698327B0-7CDD-4E78-90CB-71C0B428B627}"
EndProject
Global
	GlobalSection(SolutionConfigurationPlatforms) = preSolution
		Debug|Any CPU = Debug|Any CPU
		Release|Any CPU = Release|Any CPU
	EndGlobalSection
	GlobalSection(ProjectConfigurationPlatforms) = postSolution
		{33777D9D-D7EF-41C6-8DFE-0CF35DDB1C0E}.Debug|Any CPU.ActiveCfg = Debug|Any CPU
		{33777D9D-D7EF-41C6-8DFE-0CF35DDB1C0E}.Debug|Any CPU.Build.0 = Debug|Any CPU
		{33777D9D-D7EF-41C6-8DFE-0CF35DDB1C0E}.Release|Any CPU.ActiveCfg = Release|Any CPU
		{33777D9D-D7EF-41C6-8DFE-0CF35DDB1C0E}.Release|Any CPU.Build.0 = Release|Any CPU
		{698327B0-7CDD-4E78-90CB-71C0B428B627}.Debug|Any CPU.ActiveCfg = Debug|Any CPU
		{698327B0-7CDD-4E78-90CB-71C0B428B627}.Debug|Any CPU.Build.0 = Debug|Any CPU
		{698327B0-7CDD-4E78-90CB-71C0B428B627}.Release|Any CPU.ActiveCfg = Release|Any CPU
		{698327B0-7CDD-4E78-90CB-71C0B428B627}.Release|Any CPU.Build.0 = Release|Any CPU
	EndGlobalSection
	GlobalSection(SolutionProperties) = preSolution
		HideSolutionNode = FALSE
	EndGlobalSection
EndGlobal
