
Microsoft Visual Studio Solution File, Format Version 12.00
# Visual Studio 2013
VisualStudioVersion = 12.0.31101.0
MinimumVisualStudioVersion = 10.0.40219.1
Project("{F184B08F-C81C-45F6-A57F-5ABD9991F28F}") = "SignWriterStudio", "SignWriterStudio\SignWriterStudio.vbproj", "{D43F3D82-AE52-4F4E-A555-44251200E14E}"
	ProjectSection(ProjectDependencies) = postProject
		{D7303664-D680-4816-B252-3C55E0EF095A} = {D7303664-D680-4816-B252-3C55E0EF095A}
		{DE4A658A-96A2-4D1C-A77F-0A4800ACCB79} = {DE4A658A-96A2-4D1C-A77F-0A4800ACCB79}
		{2B9595DF-7B8C-4F05-8D0E-6A90037DF0B4} = {2B9595DF-7B8C-4F05-8D0E-6A90037DF0B4}
		{800E41F9-9663-47D2-A0B2-A61BB6EEB4CC} = {800E41F9-9663-47D2-A0B2-A61BB6EEB4CC}
	EndProjectSection
EndProject
Project("{F184B08F-C81C-45F6-A57F-5ABD9991F28F}") = "Settings", "Settings\Settings.vbproj", "{5917D821-BB0B-4EFF-BE9C-BCEAE1DA82DB}"
EndProject
Project("{F184B08F-C81C-45F6-A57F-5ABD9991F28F}") = "SWClasses", "SWClasses\SWClasses.vbproj", "{D9040341-BDBA-49A4-99BF-D91657183283}"
EndProject
Project("{F184B08F-C81C-45F6-A57F-5ABD9991F28F}") = "SWEditor", "SWEditor\SWEditor.vbproj", "{D7303664-D680-4816-B252-3C55E0EF095A}"
EndProject
Project("{F184B08F-C81C-45F6-A57F-5ABD9991F28F}") = "SymbolCache", "SymbolCache\SymbolCache.vbproj", "{DE4A658A-96A2-4D1C-A77F-0A4800ACCB79}"
EndProject
Project("{F184B08F-C81C-45F6-A57F-5ABD9991F28F}") = "General", "General\General\General.vbproj", "{800E41F9-9663-47D2-A0B2-A61BB6EEB4CC}"
EndProject
Project("{F184B08F-C81C-45F6-A57F-5ABD9991F28F}") = "SWS", "SWS\SWS.vbproj", "{2B9595DF-7B8C-4F05-8D0E-6A90037DF0B4}"
EndProject
Project("{F184B08F-C81C-45F6-A57F-5ABD9991F28F}") = "SignWriterStudio.Document", "SignWriterStudio.Document\SignWriterStudio.Document.vbproj", "{8E908F07-189C-4E15-904A-7377D31FC58B}"
EndProject
Project("{F184B08F-C81C-45F6-A57F-5ABD9991F28F}") = "SignWriterStudio.Dictionary", "SignWriterStudio.Dictionary\SignWriterStudio.Dictionary.vbproj", "{922B8A30-B95F-433D-8A74-0370339F1C8C}"
	ProjectSection(ProjectDependencies) = postProject
		{D7303664-D680-4816-B252-3C55E0EF095A} = {D7303664-D680-4816-B252-3C55E0EF095A}
		{A1E1DE77-ABA6-46DB-9332-D196DDD6DD91} = {A1E1DE77-ABA6-46DB-9332-D196DDD6DD91}
	EndProjectSection
EndProject
Project("{F184B08F-C81C-45F6-A57F-5ABD9991F28F}") = "SignWriterStudio.ImageEditor", "SignWriterStudio.ImageEditor\SignWriterStudio.ImageEditor.vbproj", "{BEF671BB-E81C-455B-8A08-F3784161B997}"
EndProject
Project("{F184B08F-C81C-45F6-A57F-5ABD9991F28F}") = "SignWriterStudio.Database.Dictionary", "SignWriterStudio.Database.Dictionary\SignWriterStudio.Database.Dictionary.vbproj", "{A1E1DE77-ABA6-46DB-9332-D196DDD6DD91}"
EndProject
Project("{F184B08F-C81C-45F6-A57F-5ABD9991F28F}") = "SignWriterStudio.UI", "SignWriterStudio.UI\SignWriterStudio.UI.vbproj", "{1EF13998-503F-433C-B860-E33A351EE21E}"
EndProject
Project("{F184B08F-C81C-45F6-A57F-5ABD9991F28F}") = "SPML", "SPML\SPML.vbproj", "{4E9D9258-A74E-496E-A6AF-7C65DF81EFD6}"
EndProject
Project("{F184B08F-C81C-45F6-A57F-5ABD9991F28F}") = "DbTags", "DbTags\DbTags.vbproj", "{39CDE5FB-E7EC-4365-95FA-17B0CB6BF13E}"
EndProject
Project("{F184B08F-C81C-45F6-A57F-5ABD9991F28F}") = "SQLiteAdapters", "SQLiteAdapters\SQLiteAdapters.vbproj", "{4209648F-47E6-432B-AA93-F7FD16B1FB0B}"
EndProject
Project("{F184B08F-C81C-45F6-A57F-5ABD9991F28F}") = "SQLiteAdapters.Test", "SQLiteAdapters.Test\SQLiteAdapters.Test.vbproj", "{AC305858-AB29-4BD4-9DC9-3E9A94E1CA31}"
EndProject
Project("{FAE04EC0-301F-11D3-BF4B-00C04F79EFBC}") = "SignWriterStudio.WebRequestPost", "SignWriterStudio.WebRequestPost\SignWriterStudio.WebRequestPost.csproj", "{98F66E5E-AE91-498D-9EFF-CD5FC4F0B644}"
EndProject
Project("{FAE04EC0-301F-11D3-BF4B-00C04F79EFBC}") = "CefSharp.MinimalExample.WinForms", "CefSharp.MinimalExample.WinForms\CefSharp.MinimalExample.WinForms.csproj", "{C043FFF7-5F71-4FFC-989A-E09E18548589}"
EndProject
Global
	GlobalSection(SolutionConfigurationPlatforms) = preSolution
		Debug|Any CPU = Debug|Any CPU
		Debug|Mixed Platforms = Debug|Mixed Platforms
		Debug|x64 = Debug|x64
		Debug|x86 = Debug|x86
		Release|Any CPU = Release|Any CPU
		Release|Mixed Platforms = Release|Mixed Platforms
		Release|x64 = Release|x64
		Release|x86 = Release|x86
	EndGlobalSection
	GlobalSection(ProjectConfigurationPlatforms) = postSolution
		{D43F3D82-AE52-4F4E-A555-44251200E14E}.Debug|Any CPU.ActiveCfg = Debug|Any CPU
		{D43F3D82-AE52-4F4E-A555-44251200E14E}.Debug|Any CPU.Build.0 = Debug|Any CPU
		{D43F3D82-AE52-4F4E-A555-44251200E14E}.Debug|Mixed Platforms.ActiveCfg = Debug|Any CPU
		{D43F3D82-AE52-4F4E-A555-44251200E14E}.Debug|Mixed Platforms.Build.0 = Debug|Any CPU
		{D43F3D82-AE52-4F4E-A555-44251200E14E}.Debug|x64.ActiveCfg = Debug|Any CPU
		{D43F3D82-AE52-4F4E-A555-44251200E14E}.Debug|x86.ActiveCfg = Debug|Any CPU
		{D43F3D82-AE52-4F4E-A555-44251200E14E}.Debug|x86.Build.0 = Debug|Any CPU
		{D43F3D82-AE52-4F4E-A555-44251200E14E}.Release|Any CPU.ActiveCfg = Release|Any CPU
		{D43F3D82-AE52-4F4E-A555-44251200E14E}.Release|Any CPU.Build.0 = Release|Any CPU
		{D43F3D82-AE52-4F4E-A555-44251200E14E}.Release|Mixed Platforms.ActiveCfg = Release|Any CPU
		{D43F3D82-AE52-4F4E-A555-44251200E14E}.Release|Mixed Platforms.Build.0 = Release|Any CPU
		{D43F3D82-AE52-4F4E-A555-44251200E14E}.Release|x64.ActiveCfg = Release|Any CPU
		{D43F3D82-AE52-4F4E-A555-44251200E14E}.Release|x86.ActiveCfg = Release|Any CPU
		{5917D821-BB0B-4EFF-BE9C-BCEAE1DA82DB}.Debug|Any CPU.ActiveCfg = Debug|Any CPU
		{5917D821-BB0B-4EFF-BE9C-BCEAE1DA82DB}.Debug|Any CPU.Build.0 = Debug|Any CPU
		{5917D821-BB0B-4EFF-BE9C-BCEAE1DA82DB}.Debug|Mixed Platforms.ActiveCfg = Debug|Any CPU
		{5917D821-BB0B-4EFF-BE9C-BCEAE1DA82DB}.Debug|Mixed Platforms.Build.0 = Debug|Any CPU
		{5917D821-BB0B-4EFF-BE9C-BCEAE1DA82DB}.Debug|x64.ActiveCfg = Debug|Any CPU
		{5917D821-BB0B-4EFF-BE9C-BCEAE1DA82DB}.Debug|x86.ActiveCfg = Debug|Any CPU
		{5917D821-BB0B-4EFF-BE9C-BCEAE1DA82DB}.Release|Any CPU.ActiveCfg = Release|Any CPU
		{5917D821-BB0B-4EFF-BE9C-BCEAE1DA82DB}.Release|Any CPU.Build.0 = Release|Any CPU
		{5917D821-BB0B-4EFF-BE9C-BCEAE1DA82DB}.Release|Mixed Platforms.ActiveCfg = Release|Any CPU
		{5917D821-BB0B-4EFF-BE9C-BCEAE1DA82DB}.Release|Mixed Platforms.Build.0 = Release|Any CPU
		{5917D821-BB0B-4EFF-BE9C-BCEAE1DA82DB}.Release|x64.ActiveCfg = Release|Any CPU
		{5917D821-BB0B-4EFF-BE9C-BCEAE1DA82DB}.Release|x86.ActiveCfg = Release|Any CPU
		{D9040341-BDBA-49A4-99BF-D91657183283}.Debug|Any CPU.ActiveCfg = Debug|Any CPU
		{D9040341-BDBA-49A4-99BF-D91657183283}.Debug|Any CPU.Build.0 = Debug|Any CPU
		{D9040341-BDBA-49A4-99BF-D91657183283}.Debug|Mixed Platforms.ActiveCfg = Debug|Any CPU
		{D9040341-BDBA-49A4-99BF-D91657183283}.Debug|Mixed Platforms.Build.0 = Debug|Any CPU
		{D9040341-BDBA-49A4-99BF-D91657183283}.Debug|x64.ActiveCfg = Debug|Any CPU
		{D9040341-BDBA-49A4-99BF-D91657183283}.Debug|x86.ActiveCfg = Debug|Any CPU
		{D9040341-BDBA-49A4-99BF-D91657183283}.Debug|x86.Build.0 = Debug|Any CPU
		{D9040341-BDBA-49A4-99BF-D91657183283}.Release|Any CPU.ActiveCfg = Release|Any CPU
		{D9040341-BDBA-49A4-99BF-D91657183283}.Release|Any CPU.Build.0 = Release|Any CPU
		{D9040341-BDBA-49A4-99BF-D91657183283}.Release|Mixed Platforms.ActiveCfg = Release|Any CPU
		{D9040341-BDBA-49A4-99BF-D91657183283}.Release|Mixed Platforms.Build.0 = Release|Any CPU
		{D9040341-BDBA-49A4-99BF-D91657183283}.Release|x64.ActiveCfg = Release|Any CPU
		{D9040341-BDBA-49A4-99BF-D91657183283}.Release|x86.ActiveCfg = Release|Any CPU
		{D7303664-D680-4816-B252-3C55E0EF095A}.Debug|Any CPU.ActiveCfg = Debug|Any CPU
		{D7303664-D680-4816-B252-3C55E0EF095A}.Debug|Any CPU.Build.0 = Debug|Any CPU
		{D7303664-D680-4816-B252-3C55E0EF095A}.Debug|Mixed Platforms.ActiveCfg = Debug|Any CPU
		{D7303664-D680-4816-B252-3C55E0EF095A}.Debug|Mixed Platforms.Build.0 = Debug|Any CPU
		{D7303664-D680-4816-B252-3C55E0EF095A}.Debug|x64.ActiveCfg = Debug|Any CPU
		{D7303664-D680-4816-B252-3C55E0EF095A}.Debug|x86.ActiveCfg = Debug|Any CPU
		{D7303664-D680-4816-B252-3C55E0EF095A}.Debug|x86.Build.0 = Debug|Any CPU
		{D7303664-D680-4816-B252-3C55E0EF095A}.Release|Any CPU.ActiveCfg = Release|Any CPU
		{D7303664-D680-4816-B252-3C55E0EF095A}.Release|Any CPU.Build.0 = Release|Any CPU
		{D7303664-D680-4816-B252-3C55E0EF095A}.Release|Mixed Platforms.ActiveCfg = Release|Any CPU
		{D7303664-D680-4816-B252-3C55E0EF095A}.Release|Mixed Platforms.Build.0 = Release|Any CPU
		{D7303664-D680-4816-B252-3C55E0EF095A}.Release|x64.ActiveCfg = Release|Any CPU
		{D7303664-D680-4816-B252-3C55E0EF095A}.Release|x86.ActiveCfg = Release|Any CPU
		{DE4A658A-96A2-4D1C-A77F-0A4800ACCB79}.Debug|Any CPU.ActiveCfg = Debug|Any CPU
		{DE4A658A-96A2-4D1C-A77F-0A4800ACCB79}.Debug|Any CPU.Build.0 = Debug|Any CPU
		{DE4A658A-96A2-4D1C-A77F-0A4800ACCB79}.Debug|Mixed Platforms.ActiveCfg = Debug|Any CPU
		{DE4A658A-96A2-4D1C-A77F-0A4800ACCB79}.Debug|Mixed Platforms.Build.0 = Debug|Any CPU
		{DE4A658A-96A2-4D1C-A77F-0A4800ACCB79}.Debug|x64.ActiveCfg = Debug|Any CPU
		{DE4A658A-96A2-4D1C-A77F-0A4800ACCB79}.Debug|x86.ActiveCfg = Debug|Any CPU
		{DE4A658A-96A2-4D1C-A77F-0A4800ACCB79}.Debug|x86.Build.0 = Debug|Any CPU
		{DE4A658A-96A2-4D1C-A77F-0A4800ACCB79}.Release|Any CPU.ActiveCfg = Release|Any CPU
		{DE4A658A-96A2-4D1C-A77F-0A4800ACCB79}.Release|Any CPU.Build.0 = Release|Any CPU
		{DE4A658A-96A2-4D1C-A77F-0A4800ACCB79}.Release|Mixed Platforms.ActiveCfg = Release|Any CPU
		{DE4A658A-96A2-4D1C-A77F-0A4800ACCB79}.Release|Mixed Platforms.Build.0 = Release|Any CPU
		{DE4A658A-96A2-4D1C-A77F-0A4800ACCB79}.Release|x64.ActiveCfg = Release|Any CPU
		{DE4A658A-96A2-4D1C-A77F-0A4800ACCB79}.Release|x86.ActiveCfg = Release|Any CPU
		{800E41F9-9663-47D2-A0B2-A61BB6EEB4CC}.Debug|Any CPU.ActiveCfg = Debug|Any CPU
		{800E41F9-9663-47D2-A0B2-A61BB6EEB4CC}.Debug|Any CPU.Build.0 = Debug|Any CPU
		{800E41F9-9663-47D2-A0B2-A61BB6EEB4CC}.Debug|Mixed Platforms.ActiveCfg = Debug|Any CPU
		{800E41F9-9663-47D2-A0B2-A61BB6EEB4CC}.Debug|Mixed Platforms.Build.0 = Debug|Any CPU
		{800E41F9-9663-47D2-A0B2-A61BB6EEB4CC}.Debug|x64.ActiveCfg = Debug|Any CPU
		{800E41F9-9663-47D2-A0B2-A61BB6EEB4CC}.Debug|x86.ActiveCfg = Debug|Any CPU
		{800E41F9-9663-47D2-A0B2-A61BB6EEB4CC}.Release|Any CPU.ActiveCfg = Release|Any CPU
		{800E41F9-9663-47D2-A0B2-A61BB6EEB4CC}.Release|Any CPU.Build.0 = Release|Any CPU
		{800E41F9-9663-47D2-A0B2-A61BB6EEB4CC}.Release|Mixed Platforms.ActiveCfg = Release|Any CPU
		{800E41F9-9663-47D2-A0B2-A61BB6EEB4CC}.Release|Mixed Platforms.Build.0 = Release|Any CPU
		{800E41F9-9663-47D2-A0B2-A61BB6EEB4CC}.Release|x64.ActiveCfg = Release|Any CPU
		{800E41F9-9663-47D2-A0B2-A61BB6EEB4CC}.Release|x86.ActiveCfg = Release|Any CPU
		{2B9595DF-7B8C-4F05-8D0E-6A90037DF0B4}.Debug|Any CPU.ActiveCfg = Debug|Any CPU
		{2B9595DF-7B8C-4F05-8D0E-6A90037DF0B4}.Debug|Any CPU.Build.0 = Debug|Any CPU
		{2B9595DF-7B8C-4F05-8D0E-6A90037DF0B4}.Debug|Mixed Platforms.ActiveCfg = Debug|Any CPU
		{2B9595DF-7B8C-4F05-8D0E-6A90037DF0B4}.Debug|Mixed Platforms.Build.0 = Debug|Any CPU
		{2B9595DF-7B8C-4F05-8D0E-6A90037DF0B4}.Debug|x64.ActiveCfg = Debug|Any CPU
		{2B9595DF-7B8C-4F05-8D0E-6A90037DF0B4}.Debug|x86.ActiveCfg = Debug|Any CPU
		{2B9595DF-7B8C-4F05-8D0E-6A90037DF0B4}.Debug|x86.Build.0 = Debug|Any CPU
		{2B9595DF-7B8C-4F05-8D0E-6A90037DF0B4}.Release|Any CPU.ActiveCfg = Release|Any CPU
		{2B9595DF-7B8C-4F05-8D0E-6A90037DF0B4}.Release|Any CPU.Build.0 = Release|Any CPU
		{2B9595DF-7B8C-4F05-8D0E-6A90037DF0B4}.Release|Mixed Platforms.ActiveCfg = Release|Any CPU
		{2B9595DF-7B8C-4F05-8D0E-6A90037DF0B4}.Release|Mixed Platforms.Build.0 = Release|Any CPU
		{2B9595DF-7B8C-4F05-8D0E-6A90037DF0B4}.Release|x64.ActiveCfg = Release|Any CPU
		{2B9595DF-7B8C-4F05-8D0E-6A90037DF0B4}.Release|x86.ActiveCfg = Release|Any CPU
		{8E908F07-189C-4E15-904A-7377D31FC58B}.Debug|Any CPU.ActiveCfg = Debug|Any CPU
		{8E908F07-189C-4E15-904A-7377D31FC58B}.Debug|Any CPU.Build.0 = Debug|Any CPU
		{8E908F07-189C-4E15-904A-7377D31FC58B}.Debug|Mixed Platforms.ActiveCfg = Debug|Any CPU
		{8E908F07-189C-4E15-904A-7377D31FC58B}.Debug|Mixed Platforms.Build.0 = Debug|Any CPU
		{8E908F07-189C-4E15-904A-7377D31FC58B}.Debug|x64.ActiveCfg = Debug|Any CPU
		{8E908F07-189C-4E15-904A-7377D31FC58B}.Debug|x86.ActiveCfg = Debug|Any CPU
		{8E908F07-189C-4E15-904A-7377D31FC58B}.Debug|x86.Build.0 = Debug|Any CPU
		{8E908F07-189C-4E15-904A-7377D31FC58B}.Release|Any CPU.ActiveCfg = Release|Any CPU
		{8E908F07-189C-4E15-904A-7377D31FC58B}.Release|Any CPU.Build.0 = Release|Any CPU
		{8E908F07-189C-4E15-904A-7377D31FC58B}.Release|Mixed Platforms.ActiveCfg = Release|Any CPU
		{8E908F07-189C-4E15-904A-7377D31FC58B}.Release|Mixed Platforms.Build.0 = Release|Any CPU
		{8E908F07-189C-4E15-904A-7377D31FC58B}.Release|x64.ActiveCfg = Release|Any CPU
		{8E908F07-189C-4E15-904A-7377D31FC58B}.Release|x86.ActiveCfg = Release|Any CPU
		{922B8A30-B95F-433D-8A74-0370339F1C8C}.Debug|Any CPU.ActiveCfg = Debug|Any CPU
		{922B8A30-B95F-433D-8A74-0370339F1C8C}.Debug|Any CPU.Build.0 = Debug|Any CPU
		{922B8A30-B95F-433D-8A74-0370339F1C8C}.Debug|Mixed Platforms.ActiveCfg = Debug|Any CPU
		{922B8A30-B95F-433D-8A74-0370339F1C8C}.Debug|Mixed Platforms.Build.0 = Debug|Any CPU
		{922B8A30-B95F-433D-8A74-0370339F1C8C}.Debug|x64.ActiveCfg = Debug|Any CPU
		{922B8A30-B95F-433D-8A74-0370339F1C8C}.Debug|x86.ActiveCfg = Debug|Any CPU
		{922B8A30-B95F-433D-8A74-0370339F1C8C}.Debug|x86.Build.0 = Debug|Any CPU
		{922B8A30-B95F-433D-8A74-0370339F1C8C}.Release|Any CPU.ActiveCfg = Release|Any CPU
		{922B8A30-B95F-433D-8A74-0370339F1C8C}.Release|Any CPU.Build.0 = Release|Any CPU
		{922B8A30-B95F-433D-8A74-0370339F1C8C}.Release|Mixed Platforms.ActiveCfg = Release|Any CPU
		{922B8A30-B95F-433D-8A74-0370339F1C8C}.Release|Mixed Platforms.Build.0 = Release|Any CPU
		{922B8A30-B95F-433D-8A74-0370339F1C8C}.Release|x64.ActiveCfg = Release|Any CPU
		{922B8A30-B95F-433D-8A74-0370339F1C8C}.Release|x86.ActiveCfg = Release|Any CPU
		{BEF671BB-E81C-455B-8A08-F3784161B997}.Debug|Any CPU.ActiveCfg = Debug|Any CPU
		{BEF671BB-E81C-455B-8A08-F3784161B997}.Debug|Any CPU.Build.0 = Debug|Any CPU
		{BEF671BB-E81C-455B-8A08-F3784161B997}.Debug|Mixed Platforms.ActiveCfg = Debug|Any CPU
		{BEF671BB-E81C-455B-8A08-F3784161B997}.Debug|Mixed Platforms.Build.0 = Debug|Any CPU
		{BEF671BB-E81C-455B-8A08-F3784161B997}.Debug|x64.ActiveCfg = Debug|Any CPU
		{BEF671BB-E81C-455B-8A08-F3784161B997}.Debug|x86.ActiveCfg = Debug|Any CPU
		{BEF671BB-E81C-455B-8A08-F3784161B997}.Debug|x86.Build.0 = Debug|Any CPU
		{BEF671BB-E81C-455B-8A08-F3784161B997}.Release|Any CPU.ActiveCfg = Release|Any CPU
		{BEF671BB-E81C-455B-8A08-F3784161B997}.Release|Any CPU.Build.0 = Release|Any CPU
		{BEF671BB-E81C-455B-8A08-F3784161B997}.Release|Mixed Platforms.ActiveCfg = Release|Any CPU
		{BEF671BB-E81C-455B-8A08-F3784161B997}.Release|Mixed Platforms.Build.0 = Release|Any CPU
		{BEF671BB-E81C-455B-8A08-F3784161B997}.Release|x64.ActiveCfg = Release|Any CPU
		{BEF671BB-E81C-455B-8A08-F3784161B997}.Release|x86.ActiveCfg = Release|Any CPU
		{A1E1DE77-ABA6-46DB-9332-D196DDD6DD91}.Debug|Any CPU.ActiveCfg = Debug|Any CPU
		{A1E1DE77-ABA6-46DB-9332-D196DDD6DD91}.Debug|Any CPU.Build.0 = Debug|Any CPU
		{A1E1DE77-ABA6-46DB-9332-D196DDD6DD91}.Debug|Mixed Platforms.ActiveCfg = Debug|Any CPU
		{A1E1DE77-ABA6-46DB-9332-D196DDD6DD91}.Debug|Mixed Platforms.Build.0 = Debug|Any CPU
		{A1E1DE77-ABA6-46DB-9332-D196DDD6DD91}.Debug|x64.ActiveCfg = Debug|Any CPU
		{A1E1DE77-ABA6-46DB-9332-D196DDD6DD91}.Debug|x86.ActiveCfg = Debug|Any CPU
		{A1E1DE77-ABA6-46DB-9332-D196DDD6DD91}.Debug|x86.Build.0 = Debug|Any CPU
		{A1E1DE77-ABA6-46DB-9332-D196DDD6DD91}.Release|Any CPU.ActiveCfg = Release|Any CPU
		{A1E1DE77-ABA6-46DB-9332-D196DDD6DD91}.Release|Any CPU.Build.0 = Release|Any CPU
		{A1E1DE77-ABA6-46DB-9332-D196DDD6DD91}.Release|Mixed Platforms.ActiveCfg = Release|Any CPU
		{A1E1DE77-ABA6-46DB-9332-D196DDD6DD91}.Release|Mixed Platforms.Build.0 = Release|Any CPU
		{A1E1DE77-ABA6-46DB-9332-D196DDD6DD91}.Release|x64.ActiveCfg = Release|Any CPU
		{A1E1DE77-ABA6-46DB-9332-D196DDD6DD91}.Release|x86.ActiveCfg = Release|Any CPU
		{1EF13998-503F-433C-B860-E33A351EE21E}.Debug|Any CPU.ActiveCfg = Debug|Any CPU
		{1EF13998-503F-433C-B860-E33A351EE21E}.Debug|Any CPU.Build.0 = Debug|Any CPU
		{1EF13998-503F-433C-B860-E33A351EE21E}.Debug|Mixed Platforms.ActiveCfg = Debug|Any CPU
		{1EF13998-503F-433C-B860-E33A351EE21E}.Debug|Mixed Platforms.Build.0 = Debug|Any CPU
		{1EF13998-503F-433C-B860-E33A351EE21E}.Debug|x64.ActiveCfg = Debug|Any CPU
		{1EF13998-503F-433C-B860-E33A351EE21E}.Debug|x86.ActiveCfg = Debug|Any CPU
		{1EF13998-503F-433C-B860-E33A351EE21E}.Debug|x86.Build.0 = Debug|Any CPU
		{1EF13998-503F-433C-B860-E33A351EE21E}.Release|Any CPU.ActiveCfg = Release|Any CPU
		{1EF13998-503F-433C-B860-E33A351EE21E}.Release|Any CPU.Build.0 = Release|Any CPU
		{1EF13998-503F-433C-B860-E33A351EE21E}.Release|Mixed Platforms.ActiveCfg = Release|Any CPU
		{1EF13998-503F-433C-B860-E33A351EE21E}.Release|Mixed Platforms.Build.0 = Release|Any CPU
		{1EF13998-503F-433C-B860-E33A351EE21E}.Release|x64.ActiveCfg = Release|Any CPU
		{1EF13998-503F-433C-B860-E33A351EE21E}.Release|x86.ActiveCfg = Release|Any CPU
		{4E9D9258-A74E-496E-A6AF-7C65DF81EFD6}.Debug|Any CPU.ActiveCfg = Debug|Any CPU
		{4E9D9258-A74E-496E-A6AF-7C65DF81EFD6}.Debug|Any CPU.Build.0 = Debug|Any CPU
		{4E9D9258-A74E-496E-A6AF-7C65DF81EFD6}.Debug|Mixed Platforms.ActiveCfg = Debug|Any CPU
		{4E9D9258-A74E-496E-A6AF-7C65DF81EFD6}.Debug|Mixed Platforms.Build.0 = Debug|Any CPU
		{4E9D9258-A74E-496E-A6AF-7C65DF81EFD6}.Debug|x64.ActiveCfg = Debug|Any CPU
		{4E9D9258-A74E-496E-A6AF-7C65DF81EFD6}.Debug|x86.ActiveCfg = Debug|Any CPU
		{4E9D9258-A74E-496E-A6AF-7C65DF81EFD6}.Debug|x86.Build.0 = Debug|Any CPU
		{4E9D9258-A74E-496E-A6AF-7C65DF81EFD6}.Release|Any CPU.ActiveCfg = Release|Any CPU
		{4E9D9258-A74E-496E-A6AF-7C65DF81EFD6}.Release|Any CPU.Build.0 = Release|Any CPU
		{4E9D9258-A74E-496E-A6AF-7C65DF81EFD6}.Release|Mixed Platforms.ActiveCfg = Release|Any CPU
		{4E9D9258-A74E-496E-A6AF-7C65DF81EFD6}.Release|Mixed Platforms.Build.0 = Release|Any CPU
		{4E9D9258-A74E-496E-A6AF-7C65DF81EFD6}.Release|x64.ActiveCfg = Release|Any CPU
		{4E9D9258-A74E-496E-A6AF-7C65DF81EFD6}.Release|x86.ActiveCfg = Release|Any CPU
		{39CDE5FB-E7EC-4365-95FA-17B0CB6BF13E}.Debug|Any CPU.ActiveCfg = Debug|Any CPU
		{39CDE5FB-E7EC-4365-95FA-17B0CB6BF13E}.Debug|Any CPU.Build.0 = Debug|Any CPU
		{39CDE5FB-E7EC-4365-95FA-17B0CB6BF13E}.Debug|Mixed Platforms.ActiveCfg = Debug|Any CPU
		{39CDE5FB-E7EC-4365-95FA-17B0CB6BF13E}.Debug|Mixed Platforms.Build.0 = Debug|Any CPU
		{39CDE5FB-E7EC-4365-95FA-17B0CB6BF13E}.Debug|x64.ActiveCfg = Debug|Any CPU
		{39CDE5FB-E7EC-4365-95FA-17B0CB6BF13E}.Debug|x86.ActiveCfg = Debug|Any CPU
		{39CDE5FB-E7EC-4365-95FA-17B0CB6BF13E}.Release|Any CPU.ActiveCfg = Release|Any CPU
		{39CDE5FB-E7EC-4365-95FA-17B0CB6BF13E}.Release|Any CPU.Build.0 = Release|Any CPU
		{39CDE5FB-E7EC-4365-95FA-17B0CB6BF13E}.Release|Mixed Platforms.ActiveCfg = Release|Any CPU
		{39CDE5FB-E7EC-4365-95FA-17B0CB6BF13E}.Release|Mixed Platforms.Build.0 = Release|Any CPU
		{39CDE5FB-E7EC-4365-95FA-17B0CB6BF13E}.Release|x64.ActiveCfg = Release|Any CPU
		{39CDE5FB-E7EC-4365-95FA-17B0CB6BF13E}.Release|x86.ActiveCfg = Release|Any CPU
		{4209648F-47E6-432B-AA93-F7FD16B1FB0B}.Debug|Any CPU.ActiveCfg = Debug|Any CPU
		{4209648F-47E6-432B-AA93-F7FD16B1FB0B}.Debug|Any CPU.Build.0 = Debug|Any CPU
		{4209648F-47E6-432B-AA93-F7FD16B1FB0B}.Debug|Mixed Platforms.ActiveCfg = Debug|Any CPU
		{4209648F-47E6-432B-AA93-F7FD16B1FB0B}.Debug|Mixed Platforms.Build.0 = Debug|Any CPU
		{4209648F-47E6-432B-AA93-F7FD16B1FB0B}.Debug|x64.ActiveCfg = Debug|Any CPU
		{4209648F-47E6-432B-AA93-F7FD16B1FB0B}.Debug|x86.ActiveCfg = Debug|Any CPU
		{4209648F-47E6-432B-AA93-F7FD16B1FB0B}.Release|Any CPU.ActiveCfg = Release|Any CPU
		{4209648F-47E6-432B-AA93-F7FD16B1FB0B}.Release|Any CPU.Build.0 = Release|Any CPU
		{4209648F-47E6-432B-AA93-F7FD16B1FB0B}.Release|Mixed Platforms.ActiveCfg = Release|Any CPU
		{4209648F-47E6-432B-AA93-F7FD16B1FB0B}.Release|Mixed Platforms.Build.0 = Release|Any CPU
		{4209648F-47E6-432B-AA93-F7FD16B1FB0B}.Release|x64.ActiveCfg = Release|Any CPU
		{4209648F-47E6-432B-AA93-F7FD16B1FB0B}.Release|x86.ActiveCfg = Release|Any CPU
		{AC305858-AB29-4BD4-9DC9-3E9A94E1CA31}.Debug|Any CPU.ActiveCfg = Debug|Any CPU
		{AC305858-AB29-4BD4-9DC9-3E9A94E1CA31}.Debug|Any CPU.Build.0 = Debug|Any CPU
		{AC305858-AB29-4BD4-9DC9-3E9A94E1CA31}.Debug|Mixed Platforms.ActiveCfg = Debug|Any CPU
		{AC305858-AB29-4BD4-9DC9-3E9A94E1CA31}.Debug|Mixed Platforms.Build.0 = Debug|Any CPU
		{AC305858-AB29-4BD4-9DC9-3E9A94E1CA31}.Debug|x64.ActiveCfg = Debug|Any CPU
		{AC305858-AB29-4BD4-9DC9-3E9A94E1CA31}.Debug|x86.ActiveCfg = Debug|Any CPU
		{AC305858-AB29-4BD4-9DC9-3E9A94E1CA31}.Release|Any CPU.ActiveCfg = Release|Any CPU
		{AC305858-AB29-4BD4-9DC9-3E9A94E1CA31}.Release|Any CPU.Build.0 = Release|Any CPU
		{AC305858-AB29-4BD4-9DC9-3E9A94E1CA31}.Release|Mixed Platforms.ActiveCfg = Release|Any CPU
		{AC305858-AB29-4BD4-9DC9-3E9A94E1CA31}.Release|Mixed Platforms.Build.0 = Release|Any CPU
		{AC305858-AB29-4BD4-9DC9-3E9A94E1CA31}.Release|x64.ActiveCfg = Release|Any CPU
		{AC305858-AB29-4BD4-9DC9-3E9A94E1CA31}.Release|x86.ActiveCfg = Release|Any CPU
		{98F66E5E-AE91-498D-9EFF-CD5FC4F0B644}.Debug|Any CPU.ActiveCfg = Debug|Any CPU
		{98F66E5E-AE91-498D-9EFF-CD5FC4F0B644}.Debug|Any CPU.Build.0 = Debug|Any CPU
		{98F66E5E-AE91-498D-9EFF-CD5FC4F0B644}.Debug|Mixed Platforms.ActiveCfg = Debug|Any CPU
		{98F66E5E-AE91-498D-9EFF-CD5FC4F0B644}.Debug|Mixed Platforms.Build.0 = Debug|Any CPU
		{98F66E5E-AE91-498D-9EFF-CD5FC4F0B644}.Debug|x64.ActiveCfg = Debug|Any CPU
		{98F66E5E-AE91-498D-9EFF-CD5FC4F0B644}.Debug|x86.ActiveCfg = Debug|Any CPU
		{98F66E5E-AE91-498D-9EFF-CD5FC4F0B644}.Release|Any CPU.ActiveCfg = Release|Any CPU
		{98F66E5E-AE91-498D-9EFF-CD5FC4F0B644}.Release|Any CPU.Build.0 = Release|Any CPU
		{98F66E5E-AE91-498D-9EFF-CD5FC4F0B644}.Release|Mixed Platforms.ActiveCfg = Release|Any CPU
		{98F66E5E-AE91-498D-9EFF-CD5FC4F0B644}.Release|Mixed Platforms.Build.0 = Release|Any CPU
		{98F66E5E-AE91-498D-9EFF-CD5FC4F0B644}.Release|x64.ActiveCfg = Release|Any CPU
		{98F66E5E-AE91-498D-9EFF-CD5FC4F0B644}.Release|x86.ActiveCfg = Release|Any CPU
		{C043FFF7-5F71-4FFC-989A-E09E18548589}.Debug|Any CPU.ActiveCfg = Debug|x86
		{C043FFF7-5F71-4FFC-989A-E09E18548589}.Debug|Mixed Platforms.ActiveCfg = Debug|x86
		{C043FFF7-5F71-4FFC-989A-E09E18548589}.Debug|Mixed Platforms.Build.0 = Debug|x86
		{C043FFF7-5F71-4FFC-989A-E09E18548589}.Debug|x64.ActiveCfg = Debug|x64
		{C043FFF7-5F71-4FFC-989A-E09E18548589}.Debug|x64.Build.0 = Debug|x64
		{C043FFF7-5F71-4FFC-989A-E09E18548589}.Debug|x86.ActiveCfg = Debug|x86
		{C043FFF7-5F71-4FFC-989A-E09E18548589}.Debug|x86.Build.0 = Debug|x86
		{C043FFF7-5F71-4FFC-989A-E09E18548589}.Release|Any CPU.ActiveCfg = Release|x86
		{C043FFF7-5F71-4FFC-989A-E09E18548589}.Release|Mixed Platforms.ActiveCfg = Release|x86
		{C043FFF7-5F71-4FFC-989A-E09E18548589}.Release|Mixed Platforms.Build.0 = Release|x86
		{C043FFF7-5F71-4FFC-989A-E09E18548589}.Release|x64.ActiveCfg = Release|x64
		{C043FFF7-5F71-4FFC-989A-E09E18548589}.Release|x64.Build.0 = Release|x64
		{C043FFF7-5F71-4FFC-989A-E09E18548589}.Release|x86.ActiveCfg = Release|x86
		{C043FFF7-5F71-4FFC-989A-E09E18548589}.Release|x86.Build.0 = Release|x86
	EndGlobalSection
	GlobalSection(SolutionProperties) = preSolution
		HideSolutionNode = FALSE
	EndGlobalSection
EndGlobal