
Microsoft Visual Studio Solution File, Format Version 11.00
# Visual Web Developer Express 2010
Project("{F184B08F-C81C-45F6-A57F-5ABD9991F28F}") = "SymbolCache", "SymbolCache.vbproj", "{DE4A658A-96A2-4D1C-A77F-0A4800ACCB79}"
EndProject
Global
	GlobalSection(SolutionConfigurationPlatforms) = preSolution
		Debug|Any CPU = Debug|Any CPU
		Release|Any CPU = Release|Any CPU
	EndGlobalSection
	GlobalSection(ProjectConfigurationPlatforms) = postSolution
		{DE4A658A-96A2-4D1C-A77F-0A4800ACCB79}.Debug|Any CPU.ActiveCfg = Debug|Any CPU
		{DE4A658A-96A2-4D1C-A77F-0A4800ACCB79}.Debug|Any CPU.Build.0 = Debug|Any CPU
		{DE4A658A-96A2-4D1C-A77F-0A4800ACCB79}.Release|Any CPU.ActiveCfg = Release|Any CPU
		{DE4A658A-96A2-4D1C-A77F-0A4800ACCB79}.Release|Any CPU.Build.0 = Release|Any CPU
	EndGlobalSection
	GlobalSection(SolutionProperties) = preSolution
		HideSolutionNode = FALSE
	EndGlobalSection
EndGlobal
